{
  "name": "long-essay-assessment-corrector",
  "version": "1.0.0",
  "lockfileVersion": 2,
  "requires": true,
  "packages": {
    "": {
      "name": "long-essay-assessment-corrector",
      "version": "1.0.0",
      "license": "GPL-3.0-or-later",
      "devDependencies": {
        "@mdi/font": "7.0.96",
        "@tinymce/tinymce-vue": "^4.0.7",
        "@vitejs/plugin-vue": "^3.0.3",
        "axios": "^1.3.4",
        "diff-match-patch": "^1.0.5",
        "js-cookie": "^3.0.1",
        "localforage": "^1.10.0",
        "md5": "^2.3.0",
        "pinia": "^2.0.23",
        "roboto-fontface": "*",
        "sass": "^1.60.0",
        "vite": "^3.1.9",
        "vite-plugin-vuetify": "^1.0.0-alpha.12",
        "vue": "^3.2.38",
        "vuetify": "^3.0.0",
        "webfontloader": "^1.0.0"
      }
    },
    "node_modules/@mdi/font": {
      "version": "7.0.96",
      "resolved": "https://registry.npmjs.org/@mdi/font/-/font-7.0.96.tgz",
      "integrity": "sha512-rzlxTfR64hqY8yiBzDjmANfcd8rv+T5C0Yedv/TWk2QyAQYdc66e0kaN1ipmnYU3RukHRTRcBARHzzm+tIhL7w==",
      "dev": true
    },
    "node_modules/@tinymce/tinymce-vue": {
      "version": "4.0.7",
      "resolved": "https://registry.npmjs.org/@tinymce/tinymce-vue/-/tinymce-vue-4.0.7.tgz",
      "integrity": "sha512-1esB8wGWrjPCY+rK8vy3QB1cxwXo7HLJWuNrcyPl6LOVR+QJjub0OiV/C+TUEsLN6OpCtRv+QnIqMC5vXz783Q==",
      "dev": true,
      "dependencies": {
        "tinymce": "^5.5.0"
      },
      "peerDependencies": {
        "vue": "^3.0.0"
      }
    },
    "node_modules/@vitejs/plugin-vue": {
      "version": "3.2.0",
      "resolved": "https://registry.npmjs.org/@vitejs/plugin-vue/-/plugin-vue-3.2.0.tgz",
      "integrity": "sha512-E0tnaL4fr+qkdCNxJ+Xd0yM31UwMkQje76fsDVBBUCoGOUPexu2VDUYHL8P4CwV+zMvWw6nlRw19OnRKmYAJpw==",
      "dev": true,
      "engines": {
        "node": "^14.18.0 || >=16.0.0"
      },
      "peerDependencies": {
        "vite": "^3.0.0",
        "vue": "^3.2.25"
      }
    },
    "node_modules/axios": {
      "version": "1.3.5",
      "resolved": "https://registry.npmjs.org/axios/-/axios-1.3.5.tgz",
      "integrity": "sha512-glL/PvG/E+xCWwV8S6nCHcrfg1exGx7vxyUIivIA1iL7BIh6bePylCfVHwp6k13ao7SATxB6imau2kqY+I67kw==",
      "dev": true,
      "dependencies": {
        "follow-redirects": "^1.15.0",
        "form-data": "^4.0.0",
        "proxy-from-env": "^1.1.0"
      }
    },
    "node_modules/diff-match-patch": {
      "version": "1.0.5",
      "resolved": "https://registry.npmjs.org/diff-match-patch/-/diff-match-patch-1.0.5.tgz",
      "integrity": "sha512-IayShXAgj/QMXgB0IWmKx+rOPuGMhqm5w6jvFxmVenXKIzRqTAAsbBPT3kWQeGANj3jGgvcvv4yK6SxqYmikgw==",
      "dev": true
    },
    "node_modules/follow-redirects": {
      "version": "1.15.2",
      "dev": true,
      "funding": [
        {
          "type": "individual",
          "url": "https://github.com/sponsors/RubenVerborgh"
        }
      ],
      "license": "MIT",
      "engines": {
        "node": ">=4.0"
      },
      "peerDependenciesMeta": {
        "debug": {
          "optional": true
        }
      }
    },
    "node_modules/form-data": {
      "version": "4.0.0",
      "dev": true,
      "license": "MIT",
      "dependencies": {
        "asynckit": "^0.4.0",
        "combined-stream": "^1.0.8",
        "mime-types": "^2.1.12"
      },
      "engines": {
        "node": ">= 6"
      }
    },
    "node_modules/function-bind": {
      "version": "1.1.1",
      "dev": true,
      "license": "MIT"
    },
    "node_modules/has": {
      "version": "1.0.3",
      "dev": true,
      "license": "MIT",
      "dependencies": {
        "function-bind": "^1.1.1"
      },
      "engines": {
        "node": ">= 0.4.0"
      }
    },
    "node_modules/immediate": {
      "version": "3.0.6",
      "dev": true,
      "license": "MIT"
    },
    "node_modules/immutable": {
      "version": "4.3.0",
      "dev": true,
      "license": "MIT"
    },
    "node_modules/is-buffer": {
      "version": "1.1.6",
      "dev": true,
      "license": "MIT"
    },
    "node_modules/is-core-module": {
      "version": "2.12.0",
      "dev": true,
      "license": "MIT",
      "dependencies": {
        "has": "^1.0.3"
      },
      "funding": {
        "url": "https://github.com/sponsors/ljharb"
      }
    },
    "node_modules/js-cookie": {
      "version": "3.0.1",
      "dev": true,
      "license": "MIT",
      "engines": {
        "node": ">=12"
      }
    },
    "node_modules/lie": {
      "version": "3.1.1",
      "dev": true,
      "license": "MIT",
      "dependencies": {
        "immediate": "~3.0.5"
      }
    },
    "node_modules/localforage": {
      "version": "1.10.0",
      "dev": true,
      "license": "Apache-2.0",
      "dependencies": {
        "lie": "3.1.1"
      }
    },
    "node_modules/md5": {
      "version": "2.3.0",
      "dev": true,
      "license": "BSD-3-Clause",
      "dependencies": {
        "charenc": "0.0.2",
        "crypt": "0.0.2",
        "is-buffer": "~1.1.6"
      }
    },
    "node_modules/mime-db": {
      "version": "1.52.0",
      "dev": true,
      "license": "MIT",
      "engines": {
        "node": ">= 0.6"
      }
    },
    "node_modules/mime-types": {
      "version": "2.1.35",
      "dev": true,
      "license": "MIT",
      "dependencies": {
        "mime-db": "1.52.0"
      },
      "engines": {
        "node": ">= 0.6"
      }
    },
    "node_modules/nanoid": {
      "version": "3.3.6",
      "dev": true,
      "funding": [
        {
          "type": "github",
          "url": "https://github.com/sponsors/ai"
        }
      ],
      "license": "MIT",
      "bin": {
        "nanoid": "bin/nanoid.cjs"
      },
      "engines": {
        "node": "^10 || ^12 || ^13.7 || ^14 || >=15.0.1"
      }
    },
    "node_modules/path-parse": {
      "version": "1.0.7",
      "dev": true,
      "license": "MIT"
    },
    "node_modules/picocolors": {
      "version": "1.0.0",
      "dev": true,
      "license": "ISC"
    },
    "node_modules/pinia": {
      "version": "2.0.34",
      "dev": true,
      "license": "MIT",
      "dependencies": {
        "@vue/devtools-api": "^6.5.0",
        "vue-demi": "*"
      },
      "funding": {
        "url": "https://github.com/sponsors/posva"
      },
      "peerDependencies": {
        "@vue/composition-api": "^1.4.0",
        "typescript": ">=4.4.4",
        "vue": "^2.6.14 || ^3.2.0"
      },
      "peerDependenciesMeta": {
        "@vue/composition-api": {
          "optional": true
        },
        "typescript": {
          "optional": true
        }
      }
    },
    "node_modules/pinia/node_modules/vue-demi": {
      "version": "0.14.0",
      "dev": true,
      "hasInstallScript": true,
      "license": "MIT",
      "bin": {
        "vue-demi-fix": "bin/vue-demi-fix.js",
        "vue-demi-switch": "bin/vue-demi-switch.js"
      },
      "engines": {
        "node": ">=12"
      },
      "funding": {
        "url": "https://github.com/sponsors/antfu"
      },
      "peerDependencies": {
        "@vue/composition-api": "^1.0.0-rc.1",
        "vue": "^3.0.0-0 || ^2.6.0"
      },
      "peerDependenciesMeta": {
        "@vue/composition-api": {
          "optional": true
        }
      }
    },
    "node_modules/postcss": {
      "version": "8.4.21",
      "dev": true,
      "funding": [
        {
          "type": "opencollective",
          "url": "https://opencollective.com/postcss/"
        },
        {
          "type": "tidelift",
          "url": "https://tidelift.com/funding/github/npm/postcss"
        }
      ],
      "license": "MIT",
      "dependencies": {
        "nanoid": "^3.3.4",
        "picocolors": "^1.0.0",
        "source-map-js": "^1.0.2"
      },
      "engines": {
        "node": "^10 || ^12 || >=14"
      }
    },
    "node_modules/proxy-from-env": {
      "version": "1.1.0",
      "dev": true,
      "license": "MIT"
    },
    "node_modules/resolve": {
      "version": "1.22.2",
      "dev": true,
      "license": "MIT",
      "dependencies": {
        "is-core-module": "^2.11.0",
        "path-parse": "^1.0.7",
        "supports-preserve-symlinks-flag": "^1.0.0"
      },
      "bin": {
        "resolve": "bin/resolve"
      },
      "funding": {
        "url": "https://github.com/sponsors/ljharb"
      }
    },
    "node_modules/roboto-fontface": {
      "version": "0.10.0",
      "dev": true,
      "license": "Apache-2.0"
    },
    "node_modules/rollup": {
      "version": "2.79.1",
      "dev": true,
      "license": "MIT",
      "bin": {
        "rollup": "dist/bin/rollup"
      },
      "engines": {
        "node": ">=10.0.0"
      },
      "optionalDependencies": {
        "fsevents": "~2.3.2"
      }
    },
    "node_modules/sass": {
      "version": "1.62.0",
      "dev": true,
      "license": "MIT",
      "dependencies": {
        "chokidar": ">=3.0.0 <4.0.0",
        "immutable": "^4.0.0",
        "source-map-js": ">=0.6.2 <2.0.0"
      },
      "bin": {
        "sass": "sass.js"
      },
      "engines": {
        "node": ">=14.0.0"
      }
    },
    "node_modules/source-map-js": {
      "version": "1.0.2",
      "dev": true,
      "license": "BSD-3-Clause",
      "engines": {
        "node": ">=0.10.0"
      }
    },
    "node_modules/supports-preserve-symlinks-flag": {
      "version": "1.0.0",
      "dev": true,
      "license": "MIT",
      "engines": {
        "node": ">= 0.4"
      },
      "funding": {
        "url": "https://github.com/sponsors/ljharb"
      }
    },
    "node_modules/tinymce": {
      "version": "5.10.7",
      "dev": true,
      "license": "LGPL-2.1"
    },
    "node_modules/upath": {
      "version": "2.0.1",
      "dev": true,
      "license": "MIT",
      "engines": {
        "node": ">=4",
        "yarn": "*"
      }
    },
    "node_modules/vite": {
      "version": "3.2.5",
      "dev": true,
      "license": "MIT",
      "dependencies": {
        "esbuild": "^0.15.9",
        "postcss": "^8.4.18",
        "resolve": "^1.22.1",
        "rollup": "^2.79.1"
      },
      "bin": {
        "vite": "bin/vite.js"
      },
      "engines": {
        "node": "^14.18.0 || >=16.0.0"
      },
      "optionalDependencies": {
        "fsevents": "~2.3.2"
      },
      "peerDependencies": {
        "@types/node": ">= 14",
        "less": "*",
        "sass": "*",
        "stylus": "*",
        "sugarss": "*",
        "terser": "^5.4.0"
      },
      "peerDependenciesMeta": {
        "@types/node": {
          "optional": true
        },
        "less": {
          "optional": true
        },
        "sass": {
          "optional": true
        },
        "stylus": {
          "optional": true
        },
        "sugarss": {
          "optional": true
        },
        "terser": {
          "optional": true
        }
      }
    },
    "node_modules/vite-plugin-vuetify": {
      "version": "1.0.2",
      "dev": true,
      "license": "MIT",
      "dependencies": {
        "@vuetify/loader-shared": "^1.7.1",
        "debug": "^4.3.3",
        "upath": "^2.0.1"
      },
      "engines": {
        "node": ">=12"
      },
      "peerDependencies": {
        "vite": "^2.7.0 || ^3.0.0 || ^4.0.0",
        "vuetify": "^3.0.0-beta.4"
      }
    },
    "node_modules/vue": {
      "version": "3.2.47",
      "dev": true,
      "license": "MIT",
      "dependencies": {
        "@vue/compiler-dom": "3.2.47",
        "@vue/compiler-sfc": "3.2.47",
        "@vue/runtime-dom": "3.2.47",
        "@vue/server-renderer": "3.2.47",
        "@vue/shared": "3.2.47"
      }
    },
    "node_modules/vuetify": {
      "version": "3.1.14",
      "dev": true,
      "license": "MIT",
      "engines": {
        "node": "^12.20 || >=14.13"
      },
      "funding": {
        "type": "github",
        "url": "https://github.com/sponsors/johnleider"
      },
      "peerDependencies": {
        "vite-plugin-vuetify": "^1.0.0-alpha.12",
        "vue": "^3.2.0",
        "vue-i18n": "^9.0.0",
        "webpack-plugin-vuetify": "^2.0.0-alpha.11"
      },
      "peerDependenciesMeta": {
        "vite-plugin-vuetify": {
          "optional": true
        },
        "vue-i18n": {
          "optional": true
        },
        "webpack-plugin-vuetify": {
          "optional": true
        }
      }
    },
    "node_modules/webfontloader": {
      "version": "1.6.28",
      "dev": true,
      "license": "Apache-2.0"
    }
  },
  "dependencies": {
    "@mdi/font": {
      "version": "7.0.96",
      "resolved": "https://registry.npmjs.org/@mdi/font/-/font-7.0.96.tgz",
      "integrity": "sha512-rzlxTfR64hqY8yiBzDjmANfcd8rv+T5C0Yedv/TWk2QyAQYdc66e0kaN1ipmnYU3RukHRTRcBARHzzm+tIhL7w==",
      "dev": true
    },
    "@tinymce/tinymce-vue": {
      "version": "4.0.7",
      "resolved": "https://registry.npmjs.org/@tinymce/tinymce-vue/-/tinymce-vue-4.0.7.tgz",
      "integrity": "sha512-1esB8wGWrjPCY+rK8vy3QB1cxwXo7HLJWuNrcyPl6LOVR+QJjub0OiV/C+TUEsLN6OpCtRv+QnIqMC5vXz783Q==",
      "dev": true,
      "requires": {
        "tinymce": "^5.5.0"
      }
    },
    "@vitejs/plugin-vue": {
      "version": "3.2.0",
      "resolved": "https://registry.npmjs.org/@vitejs/plugin-vue/-/plugin-vue-3.2.0.tgz",
      "integrity": "sha512-E0tnaL4fr+qkdCNxJ+Xd0yM31UwMkQje76fsDVBBUCoGOUPexu2VDUYHL8P4CwV+zMvWw6nlRw19OnRKmYAJpw==",
      "dev": true,
      "requires": {}
    },
    "axios": {
      "version": "1.3.5",
      "resolved": "https://registry.npmjs.org/axios/-/axios-1.3.5.tgz",
      "integrity": "sha512-glL/PvG/E+xCWwV8S6nCHcrfg1exGx7vxyUIivIA1iL7BIh6bePylCfVHwp6k13ao7SATxB6imau2kqY+I67kw==",
      "dev": true,
      "requires": {
        "follow-redirects": "^1.15.0",
        "form-data": "^4.0.0",
        "proxy-from-env": "^1.1.0"
      }
    },
    "diff-match-patch": {
      "version": "1.0.5",
      "resolved": "https://registry.npmjs.org/diff-match-patch/-/diff-match-patch-1.0.5.tgz",
      "integrity": "sha512-IayShXAgj/QMXgB0IWmKx+rOPuGMhqm5w6jvFxmVenXKIzRqTAAsbBPT3kWQeGANj3jGgvcvv4yK6SxqYmikgw==",
      "dev": true
    },
    "follow-redirects": {
      "version": "1.15.2",
      "dev": true
    },
    "form-data": {
      "version": "4.0.0",
      "dev": true,
      "requires": {
        "asynckit": "^0.4.0",
        "combined-stream": "^1.0.8",
        "mime-types": "^2.1.12"
      }
    },
    "function-bind": {
      "version": "1.1.1",
      "dev": true
    },
    "has": {
      "version": "1.0.3",
      "dev": true,
      "requires": {
        "function-bind": "^1.1.1"
      }
    },
    "immediate": {
      "version": "3.0.6",
      "dev": true
    },
    "immutable": {
      "version": "4.3.0",
      "dev": true
    },
    "is-buffer": {
      "version": "1.1.6",
      "dev": true
    },
    "is-core-module": {
      "version": "2.12.0",
      "dev": true,
      "requires": {
        "has": "^1.0.3"
      }
    },
    "js-cookie": {
      "version": "3.0.1",
      "dev": true
    },
    "lie": {
      "version": "3.1.1",
      "dev": true,
      "requires": {
        "immediate": "~3.0.5"
      }
    },
    "localforage": {
      "version": "1.10.0",
      "dev": true,
      "requires": {
        "lie": "3.1.1"
      }
    },
    "md5": {
      "version": "2.3.0",
      "dev": true,
      "requires": {
        "charenc": "0.0.2",
        "crypt": "0.0.2",
        "is-buffer": "~1.1.6"
      }
    },
    "mime-db": {
      "version": "1.52.0",
      "dev": true
    },
    "mime-types": {
      "version": "2.1.35",
      "dev": true,
      "requires": {
        "mime-db": "1.52.0"
      }
    },
    "nanoid": {
      "version": "3.3.6",
      "dev": true
    },
    "path-parse": {
      "version": "1.0.7",
      "dev": true
    },
    "picocolors": {
      "version": "1.0.0",
      "dev": true
    },
    "pinia": {
      "version": "2.0.34",
      "dev": true,
      "requires": {
        "@vue/devtools-api": "^6.5.0",
        "vue-demi": "*"
      },
      "dependencies": {
        "vue-demi": {
          "version": "0.14.0",
          "dev": true,
          "requires": {}
        }
      }
    },
    "postcss": {
      "version": "8.4.21",
      "dev": true,
      "requires": {
        "nanoid": "^3.3.4",
        "picocolors": "^1.0.0",
        "source-map-js": "^1.0.2"
      }
    },
    "proxy-from-env": {
      "version": "1.1.0",
      "dev": true
    },
    "resolve": {
      "version": "1.22.2",
      "dev": true,
      "requires": {
        "is-core-module": "^2.11.0",
        "path-parse": "^1.0.7",
        "supports-preserve-symlinks-flag": "^1.0.0"
      }
    },
    "roboto-fontface": {
      "version": "0.10.0",
      "dev": true
    },
    "rollup": {
      "version": "2.79.1",
      "dev": true,
      "requires": {
        "fsevents": "~2.3.2"
      }
    },
    "sass": {
      "version": "1.62.0",
      "dev": true,
      "requires": {
        "chokidar": ">=3.0.0 <4.0.0",
        "immutable": "^4.0.0",
        "source-map-js": ">=0.6.2 <2.0.0"
      }
    },
    "source-map-js": {
      "version": "1.0.2",
      "dev": true
    },
    "supports-preserve-symlinks-flag": {
      "version": "1.0.0",
      "dev": true
    },
    "tinymce": {
      "version": "5.10.7",
      "dev": true
    },
    "upath": {
      "version": "2.0.1",
      "dev": true
    },
    "vite": {
      "version": "3.2.5",
      "dev": true,
      "requires": {
        "esbuild": "^0.15.9",
        "fsevents": "~2.3.2",
        "postcss": "^8.4.18",
        "resolve": "^1.22.1",
        "rollup": "^2.79.1"
      }
    },
    "vite-plugin-vuetify": {
      "version": "1.0.2",
      "dev": true,
      "requires": {
        "@vuetify/loader-shared": "^1.7.1",
        "debug": "^4.3.3",
        "upath": "^2.0.1"
      }
    },
    "vue": {
      "version": "3.2.47",
      "dev": true,
      "requires": {
        "@vue/compiler-dom": "3.2.47",
        "@vue/compiler-sfc": "3.2.47",
        "@vue/runtime-dom": "3.2.47",
        "@vue/server-renderer": "3.2.47",
        "@vue/shared": "3.2.47"
      }
    },
    "vuetify": {
      "version": "3.1.14",
      "dev": true,
      "requires": {}
    },
    "webfontloader": {
      "version": "1.6.28",
      "dev": true
    }
  }
}
